
Microsoft Visual Studio Solution File, Format Version 12.00
# Visual Studio Version 17
VisualStudioVersion = 17.14.36310.24 d17.14
MinimumVisualStudioVersion = 10.0.40219.1
Project("{FAE04EC0-301F-11D3-BF4B-00C04F79EFBC}") = "PharmacyDispensaryV1", "PharmacyDispensaryV1\PharmacyDispensaryV1.csproj", "{FE817F52-0224-4FBE-9E3C-F39F8E07063A}"
EndProject
Global
	GlobalSection(SolutionConfigurationPlatforms) = preSolution
		Debug|Any CPU = Debug|Any CPU
		Release|Any CPU = Release|Any CPU
	EndGlobalSection
	GlobalSection(ProjectConfigurationPlatforms) = postSolution
		{FE817F52-0224-4FBE-9E3C-F39F8E07063A}.Debug|Any CPU.ActiveCfg = Debug|Any CPU
		{FE817F52-0224-4FBE-9E3C-F39F8E07063A}.Debug|Any CPU.Build.0 = Debug|Any CPU
		{FE817F52-0224-4FBE-9E3C-F39F8E07063A}.Release|Any CPU.ActiveCfg = Release|Any CPU
		{FE817F52-0224-4FBE-9E3C-F39F8E07063A}.Release|Any CPU.Build.0 = Release|Any CPU
	EndGlobalSection
	GlobalSection(SolutionProperties) = preSolution
		HideSolutionNode = FALSE
	EndGlobalSection
	GlobalSection(ExtensibilityGlobals) = postSolution
		SolutionGuid = {F993B599-276C-47A0-93C2-2BFAD523CC42}
	EndGlobalSection
EndGlobal
